{
  "name": "EA_v3",
  "lockfileVersion": 3,
  "requires": true,
  "packages": {
    "": {
      "dependencies": {
        "seaborn": "^0.0.1-security"
      }
    },
    "node_modules/seaborn": {
      "version": "0.0.1-security",
      "resolved": "https://registry.npmjs.org/seaborn/-/seaborn-0.0.1-security.tgz",
      "integrity": "sha512-ea7Iocp2q8A+xrR3z8PluVeFFxyNLxza6ws2ZLdL1bi/J5YNMolhswLb3G+1Op87LJEhNXn6Y9r8YJMR5osflQ=="
    }
  }
}
